
Microsoft Visual Studio Solution File, Format Version 12.00
# Visual Studio Version 17
VisualStudioVersion = 17.8.34511.84
MinimumVisualStudioVersion = 10.0.40219.1
Project("{FAE04EC0-301F-11D3-BF4B-00C04F79EFBC}") = "ExtensionMethods", "ExtensionMethods\ExtensionMethods.csproj", "{8503F66C-1203-44C7-A64C-A9310A2E89E0}"
EndProject
Global
	GlobalSection(SolutionConfigurationPlatforms) = preSolution
		Debug|Any CPU = Debug|Any CPU
		Release|Any CPU = Release|Any CPU
	EndGlobalSection
	GlobalSection(ProjectConfigurationPlatforms) = postSolution
		{8503F66C-1203-44C7-A64C-A9310A2E89E0}.Debug|Any CPU.ActiveCfg = Debug|Any CPU
		{8503F66C-1203-44C7-A64C-A9310A2E89E0}.Debug|Any CPU.Build.0 = Debug|Any CPU
		{8503F66C-1203-44C7-A64C-A9310A2E89E0}.Release|Any CPU.ActiveCfg = Release|Any CPU
		{8503F66C-1203-44C7-A64C-A9310A2E89E0}.Release|Any CPU.Build.0 = Release|Any CPU
	EndGlobalSection
	GlobalSection(SolutionProperties) = preSolution
		HideSolutionNode = FALSE
	EndGlobalSection
	GlobalSection(ExtensibilityGlobals) = postSolution
		SolutionGuid = {B9401966-DFC2-42C3-A4D3-0DADA6A53D8F}
	EndGlobalSection
EndGlobal
