
Microsoft Visual Studio Solution File, Format Version 12.00
# Visual Studio Version 17
VisualStudioVersion = 17.8.34511.84
MinimumVisualStudioVersion = 10.0.40219.1
Project("{FAE04EC0-301F-11D3-BF4B-00C04F79EFBC}") = "DemoUserManagement", "DemoUserManagement\DemoUserManagement.csproj", "{D1246E5C-4122-4471-97E7-B71ED0846946}"
EndProject
Project("{FAE04EC0-301F-11D3-BF4B-00C04F79EFBC}") = "DemoUserManagement.DAL", "DemoUserManagement.DAL\DemoUserManagement.DAL.csproj", "{13F8788D-9A37-44BB-98D3-CA83A3EFF44E}"
EndProject
Project("{FAE04EC0-301F-11D3-BF4B-00C04F79EFBC}") = "DemoUserManagement.Business", "DemoUserManagement.Business\DemoUserManagement.Business.csproj", "{3DAF36E2-2FB7-4E87-9B0E-956BF6D9191A}"
EndProject
Project("{FAE04EC0-301F-11D3-BF4B-00C04F79EFBC}") = "DemoUserManagement.Utils", "DemoUserManagement.Utils\DemoUserManagement.Utils.csproj", "{5CEAFF41-78E4-4AB8-9A31-F912380E3912}"
EndProject
Project("{FAE04EC0-301F-11D3-BF4B-00C04F79EFBC}") = "DemoUserManagement.Models", "DemoUserManagement.Models\DemoUserManagement.Models.csproj", "{010BE97D-CE65-439B-9290-EC7C96105D2D}"
EndProject
Global
	GlobalSection(SolutionConfigurationPlatforms) = preSolution
		Debug|Any CPU = Debug|Any CPU
		Release|Any CPU = Release|Any CPU
	EndGlobalSection
	GlobalSection(ProjectConfigurationPlatforms) = postSolution
		{D1246E5C-4122-4471-97E7-B71ED0846946}.Debug|Any CPU.ActiveCfg = Debug|Any CPU
		{D1246E5C-4122-4471-97E7-B71ED0846946}.Debug|Any CPU.Build.0 = Debug|Any CPU
		{D1246E5C-4122-4471-97E7-B71ED0846946}.Release|Any CPU.ActiveCfg = Release|Any CPU
		{D1246E5C-4122-4471-97E7-B71ED0846946}.Release|Any CPU.Build.0 = Release|Any CPU
		{13F8788D-9A37-44BB-98D3-CA83A3EFF44E}.Debug|Any CPU.ActiveCfg = Debug|Any CPU
		{13F8788D-9A37-44BB-98D3-CA83A3EFF44E}.Debug|Any CPU.Build.0 = Debug|Any CPU
		{13F8788D-9A37-44BB-98D3-CA83A3EFF44E}.Release|Any CPU.ActiveCfg = Release|Any CPU
		{13F8788D-9A37-44BB-98D3-CA83A3EFF44E}.Release|Any CPU.Build.0 = Release|Any CPU
		{3DAF36E2-2FB7-4E87-9B0E-956BF6D9191A}.Debug|Any CPU.ActiveCfg = Debug|Any CPU
		{3DAF36E2-2FB7-4E87-9B0E-956BF6D9191A}.Debug|Any CPU.Build.0 = Debug|Any CPU
		{3DAF36E2-2FB7-4E87-9B0E-956BF6D9191A}.Release|Any CPU.ActiveCfg = Release|Any CPU
		{3DAF36E2-2FB7-4E87-9B0E-956BF6D9191A}.Release|Any CPU.Build.0 = Release|Any CPU
		{5CEAFF41-78E4-4AB8-9A31-F912380E3912}.Debug|Any CPU.ActiveCfg = Debug|Any CPU
		{5CEAFF41-78E4-4AB8-9A31-F912380E3912}.Debug|Any CPU.Build.0 = Debug|Any CPU
		{5CEAFF41-78E4-4AB8-9A31-F912380E3912}.Release|Any CPU.ActiveCfg = Release|Any CPU
		{5CEAFF41-78E4-4AB8-9A31-F912380E3912}.Release|Any CPU.Build.0 = Release|Any CPU
		{010BE97D-CE65-439B-9290-EC7C96105D2D}.Debug|Any CPU.ActiveCfg = Debug|Any CPU
		{010BE97D-CE65-439B-9290-EC7C96105D2D}.Debug|Any CPU.Build.0 = Debug|Any CPU
		{010BE97D-CE65-439B-9290-EC7C96105D2D}.Release|Any CPU.ActiveCfg = Release|Any CPU
		{010BE97D-CE65-439B-9290-EC7C96105D2D}.Release|Any CPU.Build.0 = Release|Any CPU
	EndGlobalSection
	GlobalSection(SolutionProperties) = preSolution
		HideSolutionNode = FALSE
	EndGlobalSection
	GlobalSection(ExtensibilityGlobals) = postSolution
		SolutionGuid = {539A3873-B2F7-4813-85C5-1DCA4BA54288}
	EndGlobalSection
EndGlobal
